{
  "nodes": {
    "nix-ld": {
      "inputs": {
        "nixpkgs": [
          "spica",
          "nixpkgs"
        ]
      },
      "locked": {
        "lastModified": 1743410259,
        "narHash": "sha256-tjdkPPkRT1Mj72yrpN8oUxYw9SaG8wOQWD3auS1bvSs=",
        "owner": "Mic92",
        "repo": "nix-ld",
        "rev": "140451db1cadeef1e7e9e054332b67b7be808916",
        "type": "github"
      },
      "original": {
        "owner": "Mic92",
        "repo": "nix-ld",
        "type": "github"
      }
    },
    "nixpkgs": {
      "locked": {
        "lastModified": 1743448293,
        "narHash": "sha256-bmEPmSjJakAp/JojZRrUvNcDX2R5/nuX6bm+seVaGhs=",
        "owner": "nixos",
        "repo": "nixpkgs",
        "rev": "77b584d61ff80b4cef9245829a6f1dfad5afdfa3",
        "type": "github"
      },
      "original": {
        "owner": "nixos",
        "ref": "nixos-unstable",
        "repo": "nixpkgs",
        "type": "github"
      }
    },
    "nixpkgs_2": {
      "locked": {
        "lastModified": 1743538100,
        "narHash": "sha256-Bl/ynRPIb4CdtbEw3gfJYpKiHmRmrKltXc8zipqpO0o=",
        "owner": "NixOS",
        "repo": "nixpkgs",
        "rev": "b9d43b3fe5152d1dc5783a2ba865b2a03388b741",
        "type": "github"
      },
      "original": {
        "owner": "NixOS",
        "ref": "nixpkgs-unstable",
        "repo": "nixpkgs",
        "type": "github"
      }
    },
    "root": {
      "inputs": {
        "nixpkgs": "nixpkgs",
        "spica": "spica"
      }
    },
    "spica": {
      "inputs": {
        "nix-ld": "nix-ld",
        "nixpkgs": "nixpkgs_2"
      },
      "locked": {
        "lastModified": 1,
        "narHash": "sha256-fcDx0faq47dY69QvgH52MasVffSB4w96SBGrjK5WUtA=",
        "path": "./machines/spica",
        "type": "path"
      },
      "original": {
        "path": "./machines/spica",
        "type": "path"
      }
    }
  },
  "root": "root",
  "version": 7
}
