{
  "nodes": {
    "nix-ld": {
      "inputs": {
        "nixpkgs": [
          "nixpkgs"
        ]
      },
      "locked": {
        "lastModified": 1743410259,
        "narHash": "sha256-tjdkPPkRT1Mj72yrpN8oUxYw9SaG8wOQWD3auS1bvSs=",
        "owner": "Mic92",
        "repo": "nix-ld",
        "rev": "140451db1cadeef1e7e9e054332b67b7be808916",
        "type": "github"
      },
      "original": {
        "owner": "Mic92",
        "repo": "nix-ld",
        "type": "github"
      }
    },
    "nixpkgs": {
      "locked": {
        "lastModified": 1743827369,
        "narHash": "sha256-rpqepOZ8Eo1zg+KJeWoq1HAOgoMCDloqv5r2EAa9TSA=",
        "owner": "nixos",
        "repo": "nixpkgs",
        "rev": "42a1c966be226125b48c384171c44c651c236c22",
        "type": "github"
      },
      "original": {
        "owner": "nixos",
        "ref": "nixos-unstable",
        "repo": "nixpkgs",
        "type": "github"
      }
    },
    "root": {
      "inputs": {
        "nix-ld": "nix-ld",
        "nixpkgs": "nixpkgs"
      }
    }
  },
  "root": "root",
  "version": 7
}
