{
  "nodes": {
    "nix-ld": {
      "inputs": {
        "nixpkgs": [
          "spica",
          "nixpkgs"
        ]
      },
      "locked": {
        "lastModified": 1742804816,
        "narHash": "sha256-oRNAhQwybNM5IUeGLR/4APdiec3t8t3vuWALEGg0t/Q=",
        "owner": "Mic92",
        "repo": "nix-ld",
        "rev": "27a5f75260a086f391c0eca38a5e306b9823a0b4",
        "type": "github"
      },
      "original": {
        "owner": "Mic92",
        "repo": "nix-ld",
        "type": "github"
      }
    },
    "nixpkgs": {
      "locked": {
        "lastModified": 1742889210,
        "narHash": "sha256-hw63HnwnqU3ZQfsMclLhMvOezpM7RSB0dMAtD5/sOiw=",
        "owner": "nixos",
        "repo": "nixpkgs",
        "rev": "698214a32beb4f4c8e3942372c694f40848b360d",
        "type": "github"
      },
      "original": {
        "owner": "nixos",
        "ref": "nixos-unstable",
        "repo": "nixpkgs",
        "type": "github"
      }
    },
    "nixpkgs_2": {
      "locked": {
        "lastModified": 1742800061,
        "narHash": "sha256-oDJGK1UMArK52vcW9S5S2apeec4rbfNELgc50LqiPNs=",
        "owner": "NixOS",
        "repo": "nixpkgs",
        "rev": "1750f3c1c89488e2ffdd47cab9d05454dddfb734",
        "type": "github"
      },
      "original": {
        "owner": "NixOS",
        "ref": "nixpkgs-unstable",
        "repo": "nixpkgs",
        "type": "github"
      }
    },
    "root": {
      "inputs": {
        "nixpkgs": "nixpkgs",
        "spica": "spica"
      }
    },
    "spica": {
      "inputs": {
        "nix-ld": "nix-ld",
        "nixpkgs": "nixpkgs_2"
      },
      "locked": {
        "lastModified": 1,
        "narHash": "sha256-zWrioHdu37MINlv5bqWwXb9iRMROHuSyLTSxkkfj32I=",
        "path": "./machines/spica",
        "type": "path"
      },
      "original": {
        "path": "./machines/spica",
        "type": "path"
      }
    }
  },
  "root": "root",
  "version": 7
}
